
Microsoft Visual Studio Solution File, Format Version 12.00
# Visual Studio Version 17
VisualStudioVersion = 17.2.32526.322
MinimumVisualStudioVersion = 10.0.40219.1
Project("{3A53854B-6264-4A79-9BA4-D9020FA63AE9}") = "fmp-xtc-integrationboard-lib-mvcs", "fmp-xtc-integrationboard-lib-mvcs\fmp-xtc-integrationboard-lib-mvcs.csproj", "{32E83896-430D-4B38-AEF0-AB66C5873B00}"
EndProject
Project("{3A53854B-6264-4A79-9BA4-D9020FA63AE9}") = "fmp-xtc-integrationboard-lib-mvcs_Test", "fmp-xtc-integrationboard-lib-mvcs_Test\fmp-xtc-integrationboard-lib-mvcs_Test.csproj", "{334C8272-F7F2-4EFB-BD4F-61E68119C962}"
EndProject
Project("{3A53854B-6264-4A79-9BA4-D9020FA63AE9}") = "fmp-xtc-integrationboard-lib-proto", "fmp-xtc-integrationboard-lib-proto\fmp-xtc-integrationboard-lib-proto.csproj", "{E86BA7C1-4115-4FD3-BDFB-51AE8193BF02}"
EndProject
Project("{3A53854B-6264-4A79-9BA4-D9020FA63AE9}") = "fmp-xtc-integrationboard-lib-bridge", "fmp-xtc-integrationboard-lib-bridge\fmp-xtc-integrationboard-lib-bridge.csproj", "{CB5A3F75-C01F-4A3A-AFBC-7554D1B2ACE7}"
EndProject
Project("{3A53854B-6264-4A79-9BA4-D9020FA63AE9}") = "fmp-xtc-integrationboard-lib-razor", "fmp-xtc-integrationboard-lib-razor\fmp-xtc-integrationboard-lib-razor.csproj", "{C293FA93-F20F-4A8F-9B9D-417C43E5BFC7}"
EndProject
Project("{3A53854B-6264-4A79-9BA4-D9020FA63AE9}") = "fmp-xtc-integrationboard-service-grpc", "fmp-xtc-integrationboard-service-grpc\fmp-xtc-integrationboard-service-grpc.csproj", "{3610E556-E40B-48E2-B2D2-9C1F6BD9496C}"
EndProject
Project("{3A53854B-6264-4A79-9BA4-D9020FA63AE9}") = "fmp-xtc-integrationboard-service-grpc_Test", "fmp-xtc-integrationboard-service-grpc_Test\fmp-xtc-integrationboard-service-grpc_Test.csproj", "{82492551-33E5-4CDC-A26E-5E8B09AD7E25}"
EndProject
Project("{3A53854B-6264-4A79-9BA4-D9020FA63AE9}") = "fmp-xtc-integrationboard-web-blazor", "fmp-xtc-integrationboard-web-blazor\fmp-xtc-integrationboard-web-blazor.csproj", "{3CCD4415-0CFB-4D0A-88C5-1C1295EF2365}"
EndProject
Global
	GlobalSection(SolutionConfigurationPlatforms) = preSolution
		Debug|Any CPU = Debug|Any CPU
		Release|Any CPU = Release|Any CPU
	EndGlobalSection
	GlobalSection(ProjectConfigurationPlatforms) = postSolution
                {32E83896-430D-4B38-AEF0-AB66C5873B00}.Debug|Any CPU.ActiveCfg = Debug|Any CPU
		{32E83896-430D-4B38-AEF0-AB66C5873B00}.Debug|Any CPU.Build.0 = Debug|Any CPU
		{32E83896-430D-4B38-AEF0-AB66C5873B00}.Release|Any CPU.ActiveCfg = Release|Any CPU
		{32E83896-430D-4B38-AEF0-AB66C5873B00}.Release|Any CPU.Build.0 = Release|Any CPU
		{334C8272-F7F2-4EFB-BD4F-61E68119C962}.Debug|Any CPU.ActiveCfg = Debug|Any CPU
		{334C8272-F7F2-4EFB-BD4F-61E68119C962}.Debug|Any CPU.Build.0 = Debug|Any CPU
		{334C8272-F7F2-4EFB-BD4F-61E68119C962}.Release|Any CPU.ActiveCfg = Release|Any CPU
		{334C8272-F7F2-4EFB-BD4F-61E68119C962}.Release|Any CPU.Build.0 = Release|Any CPU
		{E86BA7C1-4115-4FD3-BDFB-51AE8193BF02}.Debug|Any CPU.ActiveCfg = Debug|Any CPU
		{E86BA7C1-4115-4FD3-BDFB-51AE8193BF02}.Debug|Any CPU.Build.0 = Debug|Any CPU
		{E86BA7C1-4115-4FD3-BDFB-51AE8193BF02}.Release|Any CPU.ActiveCfg = Release|Any CPU
		{E86BA7C1-4115-4FD3-BDFB-51AE8193BF02}.Release|Any CPU.Build.0 = Release|Any CPU
		{3610E556-E40B-48E2-B2D2-9C1F6BD9496C}.Debug|Any CPU.ActiveCfg = Debug|Any CPU
		{3610E556-E40B-48E2-B2D2-9C1F6BD9496C}.Debug|Any CPU.Build.0 = Debug|Any CPU
		{3610E556-E40B-48E2-B2D2-9C1F6BD9496C}.Release|Any CPU.ActiveCfg = Release|Any CPU
		{3610E556-E40B-48E2-B2D2-9C1F6BD9496C}.Release|Any CPU.Build.0 = Release|Any CPU
		{CB5A3F75-C01F-4A3A-AFBC-7554D1B2ACE7}.Debug|Any CPU.ActiveCfg = Debug|Any CPU
		{CB5A3F75-C01F-4A3A-AFBC-7554D1B2ACE7}.Debug|Any CPU.Build.0 = Debug|Any CPU
		{CB5A3F75-C01F-4A3A-AFBC-7554D1B2ACE7}.Release|Any CPU.ActiveCfg = Release|Any CPU
		{CB5A3F75-C01F-4A3A-AFBC-7554D1B2ACE7}.Release|Any CPU.Build.0 = Release|Any CPU
		{3CCD4415-0CFB-4D0A-88C5-1C1295EF2365}.Debug|Any CPU.ActiveCfg = Debug|Any CPU
		{3CCD4415-0CFB-4D0A-88C5-1C1295EF2365}.Debug|Any CPU.Build.0 = Debug|Any CPU
		{3CCD4415-0CFB-4D0A-88C5-1C1295EF2365}.Release|Any CPU.ActiveCfg = Release|Any CPU
		{3CCD4415-0CFB-4D0A-88C5-1C1295EF2365}.Release|Any CPU.Build.0 = Release|Any CPU
		{C293FA93-F20F-4A8F-9B9D-417C43E5BFC7}.Debug|Any CPU.ActiveCfg = Debug|Any CPU
		{C293FA93-F20F-4A8F-9B9D-417C43E5BFC7}.Debug|Any CPU.Build.0 = Debug|Any CPU
		{C293FA93-F20F-4A8F-9B9D-417C43E5BFC7}.Release|Any CPU.ActiveCfg = Release|Any CPU
		{C293FA93-F20F-4A8F-9B9D-417C43E5BFC7}.Release|Any CPU.Build.0 = Release|Any CPU
		{82492551-33E5-4CDC-A26E-5E8B09AD7E25}.Debug|Any CPU.ActiveCfg = Debug|Any CPU
		{82492551-33E5-4CDC-A26E-5E8B09AD7E25}.Debug|Any CPU.Build.0 = Debug|Any CPU
		{82492551-33E5-4CDC-A26E-5E8B09AD7E25}.Release|Any CPU.ActiveCfg = Release|Any CPU
		{82492551-33E5-4CDC-A26E-5E8B09AD7E25}.Release|Any CPU.Build.0 = Release|Any CPU
	EndGlobalSection
	GlobalSection(SolutionProperties) = preSolution
		HideSolutionNode = FALSE
	EndGlobalSection
	GlobalSection(ExtensibilityGlobals) = postSolution
		SolutionGuid = {3A53854B-6264-4A79-9BA4-D9020FA63AE9}
	EndGlobalSection
EndGlobal
